
Microsoft Visual Studio Solution File, Format Version 12.00
# Visual Studio 15
VisualStudioVersion = 15.0.28010.2036
MinimumVisualStudioVersion = 10.0.40219.1
Project("{FAE04EC0-301F-11D3-BF4B-00C04F79EFBC}") = "WebAppGrapefruit.WebApi", "WebAppGrapefruit.WebApi\WebAppGrapefruit.WebApi.csproj", "{EC49CE61-6D9D-44BD-98C9-85B45A5CE53F}"
EndProject
Global
	GlobalSection(SolutionConfigurationPlatforms) = preSolution
		Debug|Any CPU = Debug|Any CPU
		Release|Any CPU = Release|Any CPU
	EndGlobalSection
	GlobalSection(ProjectConfigurationPlatforms) = postSolution
		{EC49CE61-6D9D-44BD-98C9-85B45A5CE53F}.Debug|Any CPU.ActiveCfg = Debug|Any CPU
		{EC49CE61-6D9D-44BD-98C9-85B45A5CE53F}.Debug|Any CPU.Build.0 = Debug|Any CPU
		{EC49CE61-6D9D-44BD-98C9-85B45A5CE53F}.Release|Any CPU.ActiveCfg = Release|Any CPU
		{EC49CE61-6D9D-44BD-98C9-85B45A5CE53F}.Release|Any CPU.Build.0 = Release|Any CPU
	EndGlobalSection
	GlobalSection(SolutionProperties) = preSolution
		HideSolutionNode = FALSE
	EndGlobalSection
	GlobalSection(ExtensibilityGlobals) = postSolution
		SolutionGuid = {37067AC7-3418-4D8B-9783-17B0F2B300A7}
	EndGlobalSection
EndGlobal
